
Microsoft Visual Studio Solution File, Format Version 12.00
Project("{FAE04EC0-301F-11D3-BF4B-00C04F79EFBC}") = "InterviewTest.Api", "InterviewTest.Api\InterviewTest.Api.csproj", "{1AA95BDA-2DB3-41A5-86C2-73C60A0B7D81}"
EndProject
Project("{FAE04EC0-301F-11D3-BF4B-00C04F79EFBC}") = "InterviewTest.Infrastructure", "InterviewTest.Infrastructure\InterviewTest.Infrastructure.csproj", "{995EACBB-1B06-4672-A10F-2E69F25A9141}"
EndProject
Project("{FAE04EC0-301F-11D3-BF4B-00C04F79EFBC}") = "InterviewTest.Core", "InterviewTest.Core\InterviewTest.Core.csproj", "{89F20222-9C4C-451E-BE12-19FA5F9143F1}"
EndProject
Global
	GlobalSection(SolutionConfigurationPlatforms) = preSolution
		Debug|Any CPU = Debug|Any CPU
		Release|Any CPU = Release|Any CPU
	EndGlobalSection
	GlobalSection(ProjectConfigurationPlatforms) = postSolution
		{1AA95BDA-2DB3-41A5-86C2-73C60A0B7D81}.Debug|Any CPU.ActiveCfg = Debug|Any CPU
		{1AA95BDA-2DB3-41A5-86C2-73C60A0B7D81}.Debug|Any CPU.Build.0 = Debug|Any CPU
		{1AA95BDA-2DB3-41A5-86C2-73C60A0B7D81}.Release|Any CPU.ActiveCfg = Release|Any CPU
		{1AA95BDA-2DB3-41A5-86C2-73C60A0B7D81}.Release|Any CPU.Build.0 = Release|Any CPU
		{995EACBB-1B06-4672-A10F-2E69F25A9141}.Debug|Any CPU.ActiveCfg = Debug|Any CPU
		{995EACBB-1B06-4672-A10F-2E69F25A9141}.Debug|Any CPU.Build.0 = Debug|Any CPU
		{995EACBB-1B06-4672-A10F-2E69F25A9141}.Release|Any CPU.ActiveCfg = Release|Any CPU
		{995EACBB-1B06-4672-A10F-2E69F25A9141}.Release|Any CPU.Build.0 = Release|Any CPU
		{89F20222-9C4C-451E-BE12-19FA5F9143F1}.Debug|Any CPU.ActiveCfg = Debug|Any CPU
		{89F20222-9C4C-451E-BE12-19FA5F9143F1}.Debug|Any CPU.Build.0 = Debug|Any CPU
		{89F20222-9C4C-451E-BE12-19FA5F9143F1}.Release|Any CPU.ActiveCfg = Release|Any CPU
		{89F20222-9C4C-451E-BE12-19FA5F9143F1}.Release|Any CPU.Build.0 = Release|Any CPU
	EndGlobalSection
EndGlobal
